
Microsoft Visual Studio Solution File, Format Version 12.00
# Visual Studio 15
VisualStudioVersion = 15.0.27130.2027
MinimumVisualStudioVersion = 10.0.40219.1
Project("{FAE04EC0-301F-11D3-BF4B-00C04F79EFBC}") = "MvcConf", "MvcConf\MvcConf.csproj", "{0D668202-AA08-4623-9877-9D36906A9C16}"
EndProject
Global
	GlobalSection(SolutionConfigurationPlatforms) = preSolution
		Debug|Any CPU = Debug|Any CPU
		Release|Any CPU = Release|Any CPU
	EndGlobalSection
	GlobalSection(ProjectConfigurationPlatforms) = postSolution
		{0D668202-AA08-4623-9877-9D36906A9C16}.Debug|Any CPU.ActiveCfg = Debug|Any CPU
		{0D668202-AA08-4623-9877-9D36906A9C16}.Debug|Any CPU.Build.0 = Debug|Any CPU
		{0D668202-AA08-4623-9877-9D36906A9C16}.Release|Any CPU.ActiveCfg = Release|Any CPU
		{0D668202-AA08-4623-9877-9D36906A9C16}.Release|Any CPU.Build.0 = Release|Any CPU
	EndGlobalSection
	GlobalSection(SolutionProperties) = preSolution
		HideSolutionNode = FALSE
	EndGlobalSection
	GlobalSection(ExtensibilityGlobals) = postSolution
		SolutionGuid = {E78EC455-16D3-480A-88A6-F1B9CCC5D63C}
	EndGlobalSection
EndGlobal
